// !$*UTF8*$!
{
	archiveVersion = 1;
	classes = {
	};
	objectVersion = 56;
	objects = {

/* Begin PBXBuildFile section */
		655C31CD2B9498B6009DF129 /* WordGameApp.swift in Sources */ = {isa = PBXBuildFile; fileRef = 655C31CC2B9498B6009DF129 /* WordGameApp.swift */; };
		655C31CF2B9498B6009DF129 /* AppView.swift in Sources */ = {isa = PBXBuildFile; fileRef = 655C31CE2B9498B6009DF129 /* AppView.swift */; };
		655C31D12B9498B7009DF129 /* Assets.xcassets in Resources */ = {isa = PBXBuildFile; fileRef = 655C31D02B9498B7009DF129 /* Assets.xcassets */; };
		655C31D42B9498B7009DF129 /* Preview Assets.xcassets in Resources */ = {isa = PBXBuildFile; fileRef = 655C31D32B9498B7009DF129 /* Preview Assets.xcassets */; };
		655C31DE2B9498B7009DF129 /* WordGameTests.swift in Sources */ = {isa = PBXBuildFile; fileRef = 655C31DD2B9498B7009DF129 /* WordGameTests.swift */; };
		655C31E82B9498B7009DF129 /* WordGameUITests.swift in Sources */ = {isa = PBXBuildFile; fileRef = 655C31E72B9498B7009DF129 /* WordGameUITests.swift */; };
		655C31EA2B9498B7009DF129 /* WordGameUITestsLaunchTests.swift in Sources */ = {isa = PBXBuildFile; fileRef = 655C31E92B9498B7009DF129 /* WordGameUITestsLaunchTests.swift */; };
		655C31F82B9499F1009DF129 /* ComposableArchitecture in Frameworks */ = {isa = PBXBuildFile; productRef = 655C31F72B9499F1009DF129 /* ComposableArchitecture */; };
		655C31FA2B949BCE009DF129 /* WordService.swift in Sources */ = {isa = PBXBuildFile; fileRef = 655C31F92B949BCE009DF129 /* WordService.swift */; };
		655C31FB2B949BCE009DF129 /* WordService.swift in Sources */ = {isa = PBXBuildFile; fileRef = 655C31F92B949BCE009DF129 /* WordService.swift */; };
		655C31FE2B949C42009DF129 /* WordPair.swift in Sources */ = {isa = PBXBuildFile; fileRef = 655C31FD2B949C42009DF129 /* WordPair.swift */; };
		655C32002B949DA3009DF129 /* TranslationPair.swift in Sources */ = {isa = PBXBuildFile; fileRef = 655C31FF2B949DA3009DF129 /* TranslationPair.swift */; };
		655C32022B94A0E2009DF129 /* words.json in Resources */ = {isa = PBXBuildFile; fileRef = 655C32012B94A0E2009DF129 /* words.json */; };
		655C32042B94B116009DF129 /* StatisticsState.swift in Sources */ = {isa = PBXBuildFile; fileRef = 655C32032B94B116009DF129 /* StatisticsState.swift */; };
/* End PBXBuildFile section */

/* Begin PBXContainerItemProxy section */
		655C31DA2B9498B7009DF129 /* PBXContainerItemProxy */ = {
			isa = PBXContainerItemProxy;
			containerPortal = 655C31C12B9498B6009DF129 /* Project object */;
			proxyType = 1;
			remoteGlobalIDString = 655C31C82B9498B6009DF129;
			remoteInfo = WordGame;
		};
		655C31E42B9498B7009DF129 /* PBXContainerItemProxy */ = {
			isa = PBXContainerItemProxy;
			containerPortal = 655C31C12B9498B6009DF129 /* Project object */;
			proxyType = 1;
			remoteGlobalIDString = 655C31C82B9498B6009DF129;
			remoteInfo = WordGame;
		};
/* End PBXContainerItemProxy section */

/* Begin PBXFileReference section */
		655C31C92B9498B6009DF129 /* WordGame.app */ = {isa = PBXFileReference; explicitFileType = wrapper.application; includeInIndex = 0; path = WordGame.app; sourceTree = BUILT_PRODUCTS_DIR; };
		655C31CC2B9498B6009DF129 /* WordGameApp.swift */ = {isa = PBXFileReference; lastKnownFileType = sourcecode.swift; path = WordGameApp.swift; sourceTree = "<group>"; };
		655C31CE2B9498B6009DF129 /* AppView.swift */ = {isa = PBXFileReference; lastKnownFileType = sourcecode.swift; path = AppView.swift; sourceTree = "<group>"; };
		655C31D02B9498B7009DF129 /* Assets.xcassets */ = {isa = PBXFileReference; lastKnownFileType = folder.assetcatalog; path = Assets.xcassets; sourceTree = "<group>"; };
		655C31D32B9498B7009DF129 /* Preview Assets.xcassets */ = {isa = PBXFileReference; lastKnownFileType = folder.assetcatalog; path = "Preview Assets.xcassets"; sourceTree = "<group>"; };
		655C31D92B9498B7009DF129 /* WordGameTests.xctest */ = {isa = PBXFileReference; explicitFileType = wrapper.cfbundle; includeInIndex = 0; path = WordGameTests.xctest; sourceTree = BUILT_PRODUCTS_DIR; };
		655C31DD2B9498B7009DF129 /* WordGameTests.swift */ = {isa = PBXFileReference; lastKnownFileType = sourcecode.swift; path = WordGameTests.swift; sourceTree = "<group>"; };
		655C31E32B9498B7009DF129 /* WordGameUITests.xctest */ = {isa = PBXFileReference; explicitFileType = wrapper.cfbundle; includeInIndex = 0; path = WordGameUITests.xctest; sourceTree = BUILT_PRODUCTS_DIR; };
		655C31E72B9498B7009DF129 /* WordGameUITests.swift */ = {isa = PBXFileReference; lastKnownFileType = sourcecode.swift; path = WordGameUITests.swift; sourceTree = "<group>"; };
		655C31E92B9498B7009DF129 /* WordGameUITestsLaunchTests.swift */ = {isa = PBXFileReference; lastKnownFileType = sourcecode.swift; path = WordGameUITestsLaunchTests.swift; sourceTree = "<group>"; };
		655C31F92B949BCE009DF129 /* WordService.swift */ = {isa = PBXFileReference; lastKnownFileType = sourcecode.swift; path = WordService.swift; sourceTree = "<group>"; };
		655C31FD2B949C42009DF129 /* WordPair.swift */ = {isa = PBXFileReference; lastKnownFileType = sourcecode.swift; path = WordPair.swift; sourceTree = "<group>"; };
		655C31FF2B949DA3009DF129 /* TranslationPair.swift */ = {isa = PBXFileReference; lastKnownFileType = sourcecode.swift; path = TranslationPair.swift; sourceTree = "<group>"; };
		655C32012B94A0E2009DF129 /* words.json */ = {isa = PBXFileReference; fileEncoding = 4; lastKnownFileType = text.json; path = words.json; sourceTree = "<group>"; };
		655C32032B94B116009DF129 /* StatisticsState.swift */ = {isa = PBXFileReference; lastKnownFileType = sourcecode.swift; path = StatisticsState.swift; sourceTree = "<group>"; };
/* End PBXFileReference section */

/* Begin PBXFrameworksBuildPhase section */
		655C31C62B9498B6009DF129 /* Frameworks */ = {
			isa = PBXFrameworksBuildPhase;
			buildActionMask = 2147483647;
			files = (
				655C31F82B9499F1009DF129 /* ComposableArchitecture in Frameworks */,
			);
			runOnlyForDeploymentPostprocessing = 0;
		};
		655C31D62B9498B7009DF129 /* Frameworks */ = {
			isa = PBXFrameworksBuildPhase;
			buildActionMask = 2147483647;
			files = (
			);
			runOnlyForDeploymentPostprocessing = 0;
		};
		655C31E02B9498B7009DF129 /* Frameworks */ = {
			isa = PBXFrameworksBuildPhase;
			buildActionMask = 2147483647;
			files = (
			);
			runOnlyForDeploymentPostprocessing = 0;
		};
/* End PBXFrameworksBuildPhase section */

/* Begin PBXGroup section */
		655C31C02B9498B6009DF129 = {
			isa = PBXGroup;
			children = (
				655C31CB2B9498B6009DF129 /* WordGame */,
				655C31DC2B9498B7009DF129 /* WordGameTests */,
				655C31E62B9498B7009DF129 /* WordGameUITests */,
				655C31CA2B9498B6009DF129 /* Products */,
			);
			sourceTree = "<group>";
		};
		655C31CA2B9498B6009DF129 /* Products */ = {
			isa = PBXGroup;
			children = (
				655C31C92B9498B6009DF129 /* WordGame.app */,
				655C31D92B9498B7009DF129 /* WordGameTests.xctest */,
				655C31E32B9498B7009DF129 /* WordGameUITests.xctest */,
			);
			name = Products;
			sourceTree = "<group>";
		};
		655C31CB2B9498B6009DF129 /* WordGame */ = {
			isa = PBXGroup;
			children = (
				655C32012B94A0E2009DF129 /* words.json */,
				655C31FC2B949C1F009DF129 /* Models */,
				655C31CC2B9498B6009DF129 /* WordGameApp.swift */,
				655C31CE2B9498B6009DF129 /* AppView.swift */,
				655C31D02B9498B7009DF129 /* Assets.xcassets */,
				655C31D22B9498B7009DF129 /* Preview Content */,
				655C31F92B949BCE009DF129 /* WordService.swift */,
				655C32032B94B116009DF129 /* StatisticsState.swift */,
			);
			path = WordGame;
			sourceTree = "<group>";
		};
		655C31D22B9498B7009DF129 /* Preview Content */ = {
			isa = PBXGroup;
			children = (
				655C31D32B9498B7009DF129 /* Preview Assets.xcassets */,
			);
			path = "Preview Content";
			sourceTree = "<group>";
		};
		655C31DC2B9498B7009DF129 /* WordGameTests */ = {
			isa = PBXGroup;
			children = (
				655C31DD2B9498B7009DF129 /* WordGameTests.swift */,
			);
			path = WordGameTests;
			sourceTree = "<group>";
		};
		655C31E62B9498B7009DF129 /* WordGameUITests */ = {
			isa = PBXGroup;
			children = (
				655C31E72B9498B7009DF129 /* WordGameUITests.swift */,
				655C31E92B9498B7009DF129 /* WordGameUITestsLaunchTests.swift */,
			);
			path = WordGameUITests;
			sourceTree = "<group>";
		};
		655C31FC2B949C1F009DF129 /* Models */ = {
			isa = PBXGroup;
			children = (
				655C31FD2B949C42009DF129 /* WordPair.swift */,
				655C31FF2B949DA3009DF129 /* TranslationPair.swift */,
			);
			path = Models;
			sourceTree = "<group>";
		};
/* End PBXGroup section */

/* Begin PBXNativeTarget section */
		655C31C82B9498B6009DF129 /* WordGame */ = {
			isa = PBXNativeTarget;
			buildConfigurationList = 655C31ED2B9498B7009DF129 /* Build configuration list for PBXNativeTarget "WordGame" */;
			buildPhases = (
				655C31C52B9498B6009DF129 /* Sources */,
				655C31C62B9498B6009DF129 /* Frameworks */,
				655C31C72B9498B6009DF129 /* Resources */,
			);
			buildRules = (
			);
			dependencies = (
			);
			name = WordGame;
			packageProductDependencies = (
				655C31F72B9499F1009DF129 /* ComposableArchitecture */,
			);
			productName = WordGame;
			productReference = 655C31C92B9498B6009DF129 /* WordGame.app */;
			productType = "com.apple.product-type.application";
		};
		655C31D82B9498B7009DF129 /* WordGameTests */ = {
			isa = PBXNativeTarget;
			buildConfigurationList = 655C31F02B9498B7009DF129 /* Build configuration list for PBXNativeTarget "WordGameTests" */;
			buildPhases = (
				655C31D52B9498B7009DF129 /* Sources */,
				655C31D62B9498B7009DF129 /* Frameworks */,
				655C31D72B9498B7009DF129 /* Resources */,
			);
			buildRules = (
			);
			dependencies = (
				655C31DB2B9498B7009DF129 /* PBXTargetDependency */,
			);
			name = WordGameTests;
			productName = WordGameTests;
			productReference = 655C31D92B9498B7009DF129 /* WordGameTests.xctest */;
			productType = "com.apple.product-type.bundle.unit-test";
		};
		655C31E22B9498B7009DF129 /* WordGameUITests */ = {
			isa = PBXNativeTarget;
			buildConfigurationList = 655C31F32B9498B7009DF129 /* Build configuration list for PBXNativeTarget "WordGameUITests" */;
			buildPhases = (
				655C31DF2B9498B7009DF129 /* Sources */,
				655C31E02B9498B7009DF129 /* Frameworks */,
				655C31E12B9498B7009DF129 /* Resources */,
			);
			buildRules = (
			);
			dependencies = (
				655C31E52B9498B7009DF129 /* PBXTargetDependency */,
			);
			name = WordGameUITests;
			productName = WordGameUITests;
			productReference = 655C31E32B9498B7009DF129 /* WordGameUITests.xctest */;
			productType = "com.apple.product-type.bundle.ui-testing";
		};
/* End PBXNativeTarget section */

/* Begin PBXProject section */
		655C31C12B9498B6009DF129 /* Project object */ = {
			isa = PBXProject;
			attributes = {
				BuildIndependentTargetsInParallel = 1;
				LastSwiftUpdateCheck = 1520;
				LastUpgradeCheck = 1520;
				TargetAttributes = {
					655C31C82B9498B6009DF129 = {
						CreatedOnToolsVersion = 15.2;
					};
					655C31D82B9498B7009DF129 = {
						CreatedOnToolsVersion = 15.2;
						TestTargetID = 655C31C82B9498B6009DF129;
					};
					655C31E22B9498B7009DF129 = {
						CreatedOnToolsVersion = 15.2;
						TestTargetID = 655C31C82B9498B6009DF129;
					};
				};
			};
			buildConfigurationList = 655C31C42B9498B6009DF129 /* Build configuration list for PBXProject "WordGame" */;
			compatibilityVersion = "Xcode 14.0";
			developmentRegion = en;
			hasScannedForEncodings = 0;
			knownRegions = (
				en,
				Base,
			);
			mainGroup = 655C31C02B9498B6009DF129;
			packageReferences = (
				655C31F62B9499F1009DF129 /* XCRemoteSwiftPackageReference "swift-composable-architecture" */,
			);
			productRefGroup = 655C31CA2B9498B6009DF129 /* Products */;
			projectDirPath = "";
			projectRoot = "";
			targets = (
				655C31C82B9498B6009DF129 /* WordGame */,
				655C31D82B9498B7009DF129 /* WordGameTests */,
				655C31E22B9498B7009DF129 /* WordGameUITests */,
			);
		};
/* End PBXProject section */

/* Begin PBXResourcesBuildPhase section */
		655C31C72B9498B6009DF129 /* Resources */ = {
			isa = PBXResourcesBuildPhase;
			buildActionMask = 2147483647;
			files = (
				655C32022B94A0E2009DF129 /* words.json in Resources */,
				655C31D42B9498B7009DF129 /* Preview Assets.xcassets in Resources */,
				655C31D12B9498B7009DF129 /* Assets.xcassets in Resources */,
			);
			runOnlyForDeploymentPostprocessing = 0;
		};
		655C31D72B9498B7009DF129 /* Resources */ = {
			isa = PBXResourcesBuildPhase;
			buildActionMask = 2147483647;
			files = (
			);
			runOnlyForDeploymentPostprocessing = 0;
		};
		655C31E12B9498B7009DF129 /* Resources */ = {
			isa = PBXResourcesBuildPhase;
			buildActionMask = 2147483647;
			files = (
			);
			runOnlyForDeploymentPostprocessing = 0;
		};
/* End PBXResourcesBuildPhase section */

/* Begin PBXSourcesBuildPhase section */
		655C31C52B9498B6009DF129 /* Sources */ = {
			isa = PBXSourcesBuildPhase;
			buildActionMask = 2147483647;
			files = (
				655C32002B949DA3009DF129 /* TranslationPair.swift in Sources */,
				655C31CF2B9498B6009DF129 /* AppView.swift in Sources */,
				655C31FE2B949C42009DF129 /* WordPair.swift in Sources */,
				655C31CD2B9498B6009DF129 /* WordGameApp.swift in Sources */,
				655C32042B94B116009DF129 /* StatisticsState.swift in Sources */,
				655C31FA2B949BCE009DF129 /* WordService.swift in Sources */,
			);
			runOnlyForDeploymentPostprocessing = 0;
		};
		655C31D52B9498B7009DF129 /* Sources */ = {
			isa = PBXSourcesBuildPhase;
			buildActionMask = 2147483647;
			files = (
				655C31DE2B9498B7009DF129 /* WordGameTests.swift in Sources */,
				655C31FB2B949BCE009DF129 /* WordService.swift in Sources */,
			);
			runOnlyForDeploymentPostprocessing = 0;
		};
		655C31DF2B9498B7009DF129 /* Sources */ = {
			isa = PBXSourcesBuildPhase;
			buildActionMask = 2147483647;
			files = (
				655C31EA2B9498B7009DF129 /* WordGameUITestsLaunchTests.swift in Sources */,
				655C31E82B9498B7009DF129 /* WordGameUITests.swift in Sources */,
			);
			runOnlyForDeploymentPostprocessing = 0;
		};
/* End PBXSourcesBuildPhase section */

/* Begin PBXTargetDependency section */
		655C31DB2B9498B7009DF129 /* PBXTargetDependency */ = {
			isa = PBXTargetDependency;
			target = 655C31C82B9498B6009DF129 /* WordGame */;
			targetProxy = 655C31DA2B9498B7009DF129 /* PBXContainerItemProxy */;
		};
		655C31E52B9498B7009DF129 /* PBXTargetDependency */ = {
			isa = PBXTargetDependency;
			target = 655C31C82B9498B6009DF129 /* WordGame */;
			targetProxy = 655C31E42B9498B7009DF129 /* PBXContainerItemProxy */;
		};
/* End PBXTargetDependency section */

/* Begin XCBuildConfiguration section */
		655C31EB2B9498B7009DF129 /* Debug */ = {
			isa = XCBuildConfiguration;
			buildSettings = {
				ALWAYS_SEARCH_USER_PATHS = NO;
				ASSETCATALOG_COMPILER_GENERATE_SWIFT_ASSET_SYMBOL_EXTENSIONS = YES;
				CLANG_ANALYZER_NONNULL = YES;
				CLANG_ANALYZER_NUMBER_OBJECT_CONVERSION = YES_AGGRESSIVE;
				CLANG_CXX_LANGUAGE_STANDARD = "gnu++20";
				CLANG_ENABLE_MODULES = YES;
				CLANG_ENABLE_OBJC_ARC = YES;
				CLANG_ENABLE_OBJC_WEAK = YES;
				CLANG_WARN_BLOCK_CAPTURE_AUTORELEASING = YES;
				CLANG_WARN_BOOL_CONVERSION = YES;
				CLANG_WARN_COMMA = YES;
				CLANG_WARN_CONSTANT_CONVERSION = YES;
				CLANG_WARN_DEPRECATED_OBJC_IMPLEMENTATIONS = YES;
				CLANG_WARN_DIRECT_OBJC_ISA_USAGE = YES_ERROR;
				CLANG_WARN_DOCUMENTATION_COMMENTS = YES;
				CLANG_WARN_EMPTY_BODY = YES;
				CLANG_WARN_ENUM_CONVERSION = YES;
				CLANG_WARN_INFINITE_RECURSION = YES;
				CLANG_WARN_INT_CONVERSION = YES;
				CLANG_WARN_NON_LITERAL_NULL_CONVERSION = YES;
				CLANG_WARN_OBJC_IMPLICIT_RETAIN_SELF = YES;
				CLANG_WARN_OBJC_LITERAL_CONVERSION = YES;
				CLANG_WARN_OBJC_ROOT_CLASS = YES_ERROR;
				CLANG_WARN_QUOTED_INCLUDE_IN_FRAMEWORK_HEADER = YES;
				CLANG_WARN_RANGE_LOOP_ANALYSIS = YES;
				CLANG_WARN_STRICT_PROTOTYPES = YES;
				CLANG_WARN_SUSPICIOUS_MOVE = YES;
				CLANG_WARN_UNGUARDED_AVAILABILITY = YES_AGGRESSIVE;
				CLANG_WARN_UNREACHABLE_CODE = YES;
				CLANG_WARN__DUPLICATE_METHOD_MATCH = YES;
				COPY_PHASE_STRIP = NO;
				DEBUG_INFORMATION_FORMAT = dwarf;
				ENABLE_STRICT_OBJC_MSGSEND = YES;
				ENABLE_TESTABILITY = YES;
				ENABLE_USER_SCRIPT_SANDBOXING = YES;
				GCC_C_LANGUAGE_STANDARD = gnu17;
				GCC_DYNAMIC_NO_PIC = NO;
				GCC_NO_COMMON_BLOCKS = YES;
				GCC_OPTIMIZATION_LEVEL = 0;
				GCC_PREPROCESSOR_DEFINITIONS = (
					"DEBUG=1",
					"$(inherited)",
				);
				GCC_WARN_64_TO_32_BIT_CONVERSION = YES;
				GCC_WARN_ABOUT_RETURN_TYPE = YES_ERROR;
				GCC_WARN_UNDECLARED_SELECTOR = YES;
				GCC_WARN_UNINITIALIZED_AUTOS = YES_AGGRESSIVE;
				GCC_WARN_UNUSED_FUNCTION = YES;
				GCC_WARN_UNUSED_VARIABLE = YES;
				IPHONEOS_DEPLOYMENT_TARGET = 17.2;
				LOCALIZATION_PREFERS_STRING_CATALOGS = YES;
				MTL_ENABLE_DEBUG_INFO = INCLUDE_SOURCE;
				MTL_FAST_MATH = YES;
				ONLY_ACTIVE_ARCH = YES;
				SDKROOT = iphoneos;
				SWIFT_ACTIVE_COMPILATION_CONDITIONS = "DEBUG $(inherited)";
				SWIFT_OPTIMIZATION_LEVEL = "-Onone";
			};
			name = Debug;
		};
		655C31EC2B9498B7009DF129 /* Release */ = {
			isa = XCBuildConfiguration;
			buildSettings = {
				ALWAYS_SEARCH_USER_PATHS = NO;
				ASSETCATALOG_COMPILER_GENERATE_SWIFT_ASSET_SYMBOL_EXTENSIONS = YES;
				CLANG_ANALYZER_NONNULL = YES;
				CLANG_ANALYZER_NUMBER_OBJECT_CONVERSION = YES_AGGRESSIVE;
				CLANG_CXX_LANGUAGE_STANDARD = "gnu++20";
				CLANG_ENABLE_MODULES = YES;
				CLANG_ENABLE_OBJC_ARC = YES;
				CLANG_ENABLE_OBJC_WEAK = YES;
				CLANG_WARN_BLOCK_CAPTURE_AUTORELEASING = YES;
				CLANG_WARN_BOOL_CONVERSION = YES;
				CLANG_WARN_COMMA = YES;
				CLANG_WARN_CONSTANT_CONVERSION = YES;
				CLANG_WARN_DEPRECATED_OBJC_IMPLEMENTATIONS = YES;
				CLANG_WARN_DIRECT_OBJC_ISA_USAGE = YES_ERROR;
				CLANG_WARN_DOCUMENTATION_COMMENTS = YES;
				CLANG_WARN_EMPTY_BODY = YES;
				CLANG_WARN_ENUM_CONVERSION = YES;
				CLANG_WARN_INFINITE_RECURSION = YES;
				CLANG_WARN_INT_CONVERSION = YES;
				CLANG_WARN_NON_LITERAL_NULL_CONVERSION = YES;
				CLANG_WARN_OBJC_IMPLICIT_RETAIN_SELF = YES;
				CLANG_WARN_OBJC_LITERAL_CONVERSION = YES;
				CLANG_WARN_OBJC_ROOT_CLASS = YES_ERROR;
				CLANG_WARN_QUOTED_INCLUDE_IN_FRAMEWORK_HEADER = YES;
				CLANG_WARN_RANGE_LOOP_ANALYSIS = YES;
				CLANG_WARN_STRICT_PROTOTYPES = YES;
				CLANG_WARN_SUSPICIOUS_MOVE = YES;
				CLANG_WARN_UNGUARDED_AVAILABILITY = YES_AGGRESSIVE;
				CLANG_WARN_UNREACHABLE_CODE = YES;
				CLANG_WARN__DUPLICATE_METHOD_MATCH = YES;
				COPY_PHASE_STRIP = NO;
				DEBUG_INFORMATION_FORMAT = "dwarf-with-dsym";
				ENABLE_NS_ASSERTIONS = NO;
				ENABLE_STRICT_OBJC_MSGSEND = YES;
				ENABLE_USER_SCRIPT_SANDBOXING = YES;
				GCC_C_LANGUAGE_STANDARD = gnu17;
				GCC_NO_COMMON_BLOCKS = YES;
				GCC_WARN_64_TO_32_BIT_CONVERSION = YES;
				GCC_WARN_ABOUT_RETURN_TYPE = YES_ERROR;
				GCC_WARN_UNDECLARED_SELECTOR = YES;
				GCC_WARN_UNINITIALIZED_AUTOS = YES_AGGRESSIVE;
				GCC_WARN_UNUSED_FUNCTION = YES;
				GCC_WARN_UNUSED_VARIABLE = YES;
				IPHONEOS_DEPLOYMENT_TARGET = 17.2;
				LOCALIZATION_PREFERS_STRING_CATALOGS = YES;
				MTL_ENABLE_DEBUG_INFO = NO;
				MTL_FAST_MATH = YES;
				SDKROOT = iphoneos;
				SWIFT_COMPILATION_MODE = wholemodule;
				VALIDATE_PRODUCT = YES;
			};
			name = Release;
		};
		655C31EE2B9498B7009DF129 /* Debug */ = {
			isa = XCBuildConfiguration;
			buildSettings = {
				ASSETCATALOG_COMPILER_APPICON_NAME = AppIcon;
				ASSETCATALOG_COMPILER_GLOBAL_ACCENT_COLOR_NAME = AccentColor;
				CODE_SIGN_STYLE = Automatic;
				CURRENT_PROJECT_VERSION = 1;
				DEVELOPMENT_ASSET_PATHS = "\"WordGame/Preview Content\"";
				ENABLE_PREVIEWS = YES;
				GENERATE_INFOPLIST_FILE = YES;
				INFOPLIST_KEY_UIApplicationSceneManifest_Generation = YES;
				INFOPLIST_KEY_UIApplicationSupportsIndirectInputEvents = YES;
				INFOPLIST_KEY_UILaunchScreen_Generation = YES;
				INFOPLIST_KEY_UISupportedInterfaceOrientations_iPad = "UIInterfaceOrientationPortrait UIInterfaceOrientationPortraitUpsideDown UIInterfaceOrientationLandscapeLeft UIInterfaceOrientationLandscapeRight";
				INFOPLIST_KEY_UISupportedInterfaceOrientations_iPhone = "UIInterfaceOrientationPortrait UIInterfaceOrientationLandscapeLeft UIInterfaceOrientationLandscapeRight";
				LD_RUNPATH_SEARCH_PATHS = (
					"$(inherited)",
					"@executable_path/Frameworks",
				);
				MARKETING_VERSION = 1.0;
				PRODUCT_BUNDLE_IDENTIFIER = com.babbel.WordGame;
				PRODUCT_NAME = "$(TARGET_NAME)";
				SWIFT_EMIT_LOC_STRINGS = YES;
				SWIFT_VERSION = 5.0;
				TARGETED_DEVICE_FAMILY = "1,2";
			};
			name = Debug;
		};
		655C31EF2B9498B7009DF129 /* Release */ = {
			isa = XCBuildConfiguration;
			buildSettings = {
				ASSETCATALOG_COMPILER_APPICON_NAME = AppIcon;
				ASSETCATALOG_COMPILER_GLOBAL_ACCENT_COLOR_NAME = AccentColor;
				CODE_SIGN_STYLE = Automatic;
				CURRENT_PROJECT_VERSION = 1;
				DEVELOPMENT_ASSET_PATHS = "\"WordGame/Preview Content\"";
				ENABLE_PREVIEWS = YES;
				GENERATE_INFOPLIST_FILE = YES;
				INFOPLIST_KEY_UIApplicationSceneManifest_Generation = YES;
				INFOPLIST_KEY_UIApplicationSupportsIndirectInputEvents = YES;
				INFOPLIST_KEY_UILaunchScreen_Generation = YES;
				INFOPLIST_KEY_UISupportedInterfaceOrientations_iPad = "UIInterfaceOrientationPortrait UIInterfaceOrientationPortraitUpsideDown UIInterfaceOrientationLandscapeLeft UIInterfaceOrientationLandscapeRight";
				INFOPLIST_KEY_UISupportedInterfaceOrientations_iPhone = "UIInterfaceOrientationPortrait UIInterfaceOrientationLandscapeLeft UIInterfaceOrientationLandscapeRight";
				LD_RUNPATH_SEARCH_PATHS = (
					"$(inherited)",
					"@executable_path/Frameworks",
				);
				MARKETING_VERSION = 1.0;
				PRODUCT_BUNDLE_IDENTIFIER = com.babbel.WordGame;
				PRODUCT_NAME = "$(TARGET_NAME)";
				SWIFT_EMIT_LOC_STRINGS = YES;
				SWIFT_VERSION = 5.0;
				TARGETED_DEVICE_FAMILY = "1,2";
			};
			name = Release;
		};
		655C31F12B9498B7009DF129 /* Debug */ = {
			isa = XCBuildConfiguration;
			buildSettings = {
				ALWAYS_EMBED_SWIFT_STANDARD_LIBRARIES = YES;
				BUNDLE_LOADER = "$(TEST_HOST)";
				CODE_SIGN_STYLE = Automatic;
				CURRENT_PROJECT_VERSION = 1;
				GENERATE_INFOPLIST_FILE = YES;
				IPHONEOS_DEPLOYMENT_TARGET = 17.2;
				MARKETING_VERSION = 1.0;
				PRODUCT_BUNDLE_IDENTIFIER = com.babbel.WordGameTests;
				PRODUCT_NAME = "$(TARGET_NAME)";
				SWIFT_EMIT_LOC_STRINGS = NO;
				SWIFT_VERSION = 5.0;
				TARGETED_DEVICE_FAMILY = "1,2";
				TEST_HOST = "$(BUILT_PRODUCTS_DIR)/WordGame.app/$(BUNDLE_EXECUTABLE_FOLDER_PATH)/WordGame";
			};
			name = Debug;
		};
		655C31F22B9498B7009DF129 /* Release */ = {
			isa = XCBuildConfiguration;
			buildSettings = {
				ALWAYS_EMBED_SWIFT_STANDARD_LIBRARIES = YES;
				BUNDLE_LOADER = "$(TEST_HOST)";
				CODE_SIGN_STYLE = Automatic;
				CURRENT_PROJECT_VERSION = 1;
				GENERATE_INFOPLIST_FILE = YES;
				IPHONEOS_DEPLOYMENT_TARGET = 17.2;
				MARKETING_VERSION = 1.0;
				PRODUCT_BUNDLE_IDENTIFIER = com.babbel.WordGameTests;
				PRODUCT_NAME = "$(TARGET_NAME)";
				SWIFT_EMIT_LOC_STRINGS = NO;
				SWIFT_VERSION = 5.0;
				TARGETED_DEVICE_FAMILY = "1,2";
				TEST_HOST = "$(BUILT_PRODUCTS_DIR)/WordGame.app/$(BUNDLE_EXECUTABLE_FOLDER_PATH)/WordGame";
			};
			name = Release;
		};
		655C31F42B9498B7009DF129 /* Debug */ = {
			isa = XCBuildConfiguration;
			buildSettings = {
				ALWAYS_EMBED_SWIFT_STANDARD_LIBRARIES = YES;
				CODE_SIGN_STYLE = Automatic;
				CURRENT_PROJECT_VERSION = 1;
				GENERATE_INFOPLIST_FILE = YES;
				MARKETING_VERSION = 1.0;
				PRODUCT_BUNDLE_IDENTIFIER = com.babbel.WordGameUITests;
				PRODUCT_NAME = "$(TARGET_NAME)";
				SWIFT_EMIT_LOC_STRINGS = NO;
				SWIFT_VERSION = 5.0;
				TARGETED_DEVICE_FAMILY = "1,2";
				TEST_TARGET_NAME = WordGame;
			};
			name = Debug;
		};
		655C31F52B9498B7009DF129 /* Release */ = {
			isa = XCBuildConfiguration;
			buildSettings = {
				ALWAYS_EMBED_SWIFT_STANDARD_LIBRARIES = YES;
				CODE_SIGN_STYLE = Automatic;
				CURRENT_PROJECT_VERSION = 1;
				GENERATE_INFOPLIST_FILE = YES;
				MARKETING_VERSION = 1.0;
				PRODUCT_BUNDLE_IDENTIFIER = com.babbel.WordGameUITests;
				PRODUCT_NAME = "$(TARGET_NAME)";
				SWIFT_EMIT_LOC_STRINGS = NO;
				SWIFT_VERSION = 5.0;
				TARGETED_DEVICE_FAMILY = "1,2";
				TEST_TARGET_NAME = WordGame;
			};
			name = Release;
		};
/* End XCBuildConfiguration section */

/* Begin XCConfigurationList section */
		655C31C42B9498B6009DF129 /* Build configuration list for PBXProject "WordGame" */ = {
			isa = XCConfigurationList;
			buildConfigurations = (
				655C31EB2B9498B7009DF129 /* Debug */,
				655C31EC2B9498B7009DF129 /* Release */,
			);
			defaultConfigurationIsVisible = 0;
			defaultConfigurationName = Release;
		};
		655C31ED2B9498B7009DF129 /* Build configuration list for PBXNativeTarget "WordGame" */ = {
			isa = XCConfigurationList;
			buildConfigurations = (
				655C31EE2B9498B7009DF129 /* Debug */,
				655C31EF2B9498B7009DF129 /* Release */,
			);
			defaultConfigurationIsVisible = 0;
			defaultConfigurationName = Release;
		};
		655C31F02B9498B7009DF129 /* Build configuration list for PBXNativeTarget "WordGameTests" */ = {
			isa = XCConfigurationList;
			buildConfigurations = (
				655C31F12B9498B7009DF129 /* Debug */,
				655C31F22B9498B7009DF129 /* Release */,
			);
			defaultConfigurationIsVisible = 0;
			defaultConfigurationName = Release;
		};
		655C31F32B9498B7009DF129 /* Build configuration list for PBXNativeTarget "WordGameUITests" */ = {
			isa = XCConfigurationList;
			buildConfigurations = (
				655C31F42B9498B7009DF129 /* Debug */,
				655C31F52B9498B7009DF129 /* Release */,
			);
			defaultConfigurationIsVisible = 0;
			defaultConfigurationName = Release;
		};
/* End XCConfigurationList section */

/* Begin XCRemoteSwiftPackageReference section */
		655C31F62B9499F1009DF129 /* XCRemoteSwiftPackageReference "swift-composable-architecture" */ = {
			isa = XCRemoteSwiftPackageReference;
			repositoryURL = "https://github.com/pointfreeco/swift-composable-architecture";
			requirement = {
				branch = "shared-state-beta";
				kind = branch;
			};
		};
/* End XCRemoteSwiftPackageReference section */

/* Begin XCSwiftPackageProductDependency section */
		655C31F72B9499F1009DF129 /* ComposableArchitecture */ = {
			isa = XCSwiftPackageProductDependency;
			package = 655C31F62B9499F1009DF129 /* XCRemoteSwiftPackageReference "swift-composable-architecture" */;
			productName = ComposableArchitecture;
		};
/* End XCSwiftPackageProductDependency section */
	};
	rootObject = 655C31C12B9498B6009DF129 /* Project object */;
}
